{
  "version": 4,
  "terraform_version": "1.5.0",
  "serial": 5,
  "lineage": "03c410c0-e28b-806b-f152-61afa415b005",
  "outputs": {
    "connection_string": {
      "value": [
        {
          "aws_private_link": {},
          "aws_private_link_srv": {},
          "private": "",
          "private_endpoint": [],
          "private_srv": "",
          "standard": "mongodb://ac-yuedomw-shard-00-00.ns4tauy.mongodb.net:27017,ac-yuedomw-shard-00-01.ns4tauy.mongodb.net:27017,ac-yuedomw-shard-00-02.ns4tauy.mongodb.net:27017/?ssl=true\u0026authSource=admin\u0026replicaSet=atlas-10a4ew-shard-0",
          "standard_srv": "mongodb+srv://cluster-test.ns4tauy.mongodb.net"
        }
      ],
      "type": [
        "list",
        [
          "object",
          {
            "aws_private_link": [
              "map",
              "string"
            ],
            "aws_private_link_srv": [
              "map",
              "string"
            ],
            "private": "string",
            "private_endpoint": [
              "list",
              [
                "object",
                {
                  "connection_string": "string",
                  "endpoints": [
                    "list",
                    [
                      "object",
                      {
                        "endpoint_id": "string",
                        "provider_name": "string",
                        "region": "string"
                      }
                    ]
                  ],
                  "srv_connection_string": "string",
                  "srv_shard_optimized_connection_string": "string",
                  "type": "string"
                }
              ]
            ],
            "private_srv": "string",
            "standard": "string",
            "standard_srv": "string"
          }
        ]
      ]
    }
  },
  "resources": [
    {
      "mode": "managed",
      "type": "mongodbatlas_cluster",
      "name": "cluster",
      "provider": "provider[\"registry.terraform.io/mongodb/mongodbatlas\"]",
      "instances": [
        {
          "schema_version": 1,
          "attributes": {
            "advanced_configuration": [
              {
                "default_read_concern": "",
                "default_write_concern": "",
                "fail_index_key_too_long": false,
                "javascript_enabled": true,
                "minimum_enabled_tls_protocol": "TLS1_2",
                "no_table_scan": false,
                "oplog_min_retention_hours": 0,
                "oplog_size_mb": 0,
                "sample_refresh_interval_bi_connector": 0,
                "sample_size_bi_connector": 0
              }
            ],
            "auto_scaling_compute_enabled": false,
            "auto_scaling_compute_scale_down_enabled": false,
            "auto_scaling_disk_gb_enabled": false,
            "backing_provider_name": "GCP",
            "backup_enabled": false,
            "bi_connector": null,
            "bi_connector_config": [
              {
                "enabled": false,
                "read_preference": "secondary"
              }
            ],
            "cloud_backup": false,
            "cluster_id": "64940f1c6d766966a1dcc8c0",
            "cluster_type": "REPLICASET",
            "connection_strings": [
              {
                "aws_private_link": {},
                "aws_private_link_srv": {},
                "private": "",
                "private_endpoint": [],
                "private_srv": "",
                "standard": "mongodb://ac-yuedomw-shard-00-00.ns4tauy.mongodb.net:27017,ac-yuedomw-shard-00-01.ns4tauy.mongodb.net:27017,ac-yuedomw-shard-00-02.ns4tauy.mongodb.net:27017/?ssl=true\u0026authSource=admin\u0026replicaSet=atlas-10a4ew-shard-0",
                "standard_srv": "mongodb+srv://cluster-test.ns4tauy.mongodb.net"
              }
            ],
            "container_id": null,
            "disk_size_gb": 0.5,
            "encryption_at_rest_provider": "NONE",
            "id": "Y2x1c3Rlcl9pZA==:NjQ5NDBmMWM2ZDc2Njk2NmExZGNjOGMw-Y2x1c3Rlcl9uYW1l:Y2x1c3Rlci10ZXN0-cHJvamVjdF9pZA==:NjQ5M2Y4ZTI4M2MwOGI3ZjU1ZmJmNDJh-cHJvdmlkZXJfbmFtZQ==:VEVOQU5U",
            "labels": [
              {
                "key": "environment",
                "value": "prod"
              }
            ],
            "mongo_db_major_version": "5.0",
            "mongo_db_version": "6.0.6",
            "mongo_uri": "mongodb://ac-yuedomw-shard-00-00.ns4tauy.mongodb.net:27017,ac-yuedomw-shard-00-01.ns4tauy.mongodb.net:27017,ac-yuedomw-shard-00-02.ns4tauy.mongodb.net:27017",
            "mongo_uri_updated": "2023-06-22T09:06:51Z",
            "mongo_uri_with_options": "mongodb://ac-yuedomw-shard-00-00.ns4tauy.mongodb.net:27017,ac-yuedomw-shard-00-01.ns4tauy.mongodb.net:27017,ac-yuedomw-shard-00-02.ns4tauy.mongodb.net:27017/?ssl=true\u0026authSource=admin\u0026replicaSet=atlas-10a4ew-shard-0",
            "name": "cluster-test",
            "num_shards": 1,
            "paused": false,
            "pit_enabled": false,
            "project_id": "6493f8e283c08b7f55fbf42a",
            "provider_auto_scaling_compute_max_instance_size": "",
            "provider_auto_scaling_compute_min_instance_size": "",
            "provider_backup_enabled": false,
            "provider_disk_iops": null,
            "provider_disk_type_name": "",
            "provider_encrypt_ebs_volume": null,
            "provider_encrypt_ebs_volume_flag": null,
            "provider_instance_size_name": "M0",
            "provider_name": "TENANT",
            "provider_region_name": "EASTERN_ASIA_PACIFIC",
            "provider_volume_type": "",
            "replication_factor": 3,
            "replication_specs": [
              {
                "id": "64940f1b6d766966a1dcc8b7",
                "num_shards": 1,
                "regions_config": [
                  {
                    "analytics_nodes": 0,
                    "electable_nodes": 3,
                    "priority": 7,
                    "read_only_nodes": 0,
                    "region_name": "EASTERN_ASIA_PACIFIC"
                  }
                ],
                "zone_name": "ZoneName managed by Terraform"
              }
            ],
            "retain_backups_enabled": false,
            "snapshot_backup_policy": [],
            "srv_address": "mongodb+srv://cluster-test.ns4tauy.mongodb.net",
            "state_name": "IDLE",
            "termination_protection_enabled": false,
            "timeouts": null,
            "version_release_system": "LTS"
          },
          "sensitive_attributes": [],
          "private": "eyJlMmJmYjczMC1lY2FhLTExZTYtOGY4OC0zNDM2M2JjN2M0YzAiOnsiY3JlYXRlIjoxMDgwMDAwMDAwMDAwMCwiZGVsZXRlIjoxMDgwMDAwMDAwMDAwMCwidXBkYXRlIjoxMDgwMDAwMDAwMDAwMH0sInNjaGVtYV92ZXJzaW9uIjoiMSJ9"
        }
      ]
    }
  ],
  "check_results": null
}
